
Microsoft Visual Studio Solution File, Format Version 12.00
# Visual Studio 15
VisualStudioVersion = 15.0.27004.2005
MinimumVisualStudioVersion = 10.0.40219.1
Project("{FAE04EC0-301F-11D3-BF4B-00C04F79EFBC}") = "Flyer", "Flyer\Flyer.csproj", "{7AF6D5E1-7BF9-49E6-B4DC-278CCD9E17D0}"
EndProject
Project("{FAE04EC0-301F-11D3-BF4B-00C04F79EFBC}") = "TestFlyer", "TestFlyer\TestFlyer.csproj", "{07CF379A-C05F-49A5-80EF-8C91C49EFACB}"
EndProject
Global
	GlobalSection(SolutionConfigurationPlatforms) = preSolution
		Debug|Any CPU = Debug|Any CPU
		Release|Any CPU = Release|Any CPU
	EndGlobalSection
	GlobalSection(ProjectConfigurationPlatforms) = postSolution
		{7AF6D5E1-7BF9-49E6-B4DC-278CCD9E17D0}.Debug|Any CPU.ActiveCfg = Debug|Any CPU
		{7AF6D5E1-7BF9-49E6-B4DC-278CCD9E17D0}.Debug|Any CPU.Build.0 = Debug|Any CPU
		{7AF6D5E1-7BF9-49E6-B4DC-278CCD9E17D0}.Release|Any CPU.ActiveCfg = Release|Any CPU
		{7AF6D5E1-7BF9-49E6-B4DC-278CCD9E17D0}.Release|Any CPU.Build.0 = Release|Any CPU
		{07CF379A-C05F-49A5-80EF-8C91C49EFACB}.Debug|Any CPU.ActiveCfg = Debug|Any CPU
		{07CF379A-C05F-49A5-80EF-8C91C49EFACB}.Debug|Any CPU.Build.0 = Debug|Any CPU
		{07CF379A-C05F-49A5-80EF-8C91C49EFACB}.Release|Any CPU.ActiveCfg = Release|Any CPU
		{07CF379A-C05F-49A5-80EF-8C91C49EFACB}.Release|Any CPU.Build.0 = Release|Any CPU
	EndGlobalSection
	GlobalSection(SolutionProperties) = preSolution
		HideSolutionNode = FALSE
	EndGlobalSection
	GlobalSection(ExtensibilityGlobals) = postSolution
		SolutionGuid = {290597D9-5EB3-483B-AEAE-EF1BECFA10AE}
	EndGlobalSection
EndGlobal
